
Microsoft Visual Studio Solution File, Format Version 12.00
# Visual Studio Version 17
VisualStudioVersion = 17.9.34728.123
MinimumVisualStudioVersion = 10.0.40219.1
Project("{9A19103F-16F7-4668-BE54-9A1E7A4F7556}") = "CatalogAPI", "Services\Catalog\CatalogAPI\CatalogAPI.csproj", "{D52DCE5A-A034-42BB-A950-E33C8EF5F0FC}"
EndProject
Project("{E53339B2-1760-4266-BCC7-CA923CBCF16C}") = "docker-compose", "docker-compose.dcproj", "{8988F27F-BE9B-465C-9D67-157D4CEAA73F}"
EndProject
Project("{2150E333-8FDC-42A3-9474-1A3956D46DE8}") = "BuildingBlocks", "BuildingBlocks", "{B5AE838E-65A1-4453-BD6E-8A6AC4FDC320}"
EndProject
Project("{2150E333-8FDC-42A3-9474-1A3956D46DE8}") = "Services", "Services", "{91045AFE-4020-4A20-B0C2-34F374A22625}"
EndProject
Project("{9A19103F-16F7-4668-BE54-9A1E7A4F7556}") = "BuildingBlocks", "BuildingBlocks\BuildingBlocks\BuildingBlocks.csproj", "{27982EC3-5D7A-43CD-836D-D05F4A7712B3}"
EndProject
Project("{2150E333-8FDC-42A3-9474-1A3956D46DE8}") = "Catalog", "Catalog", "{44631FE1-667A-4B53-ACBA-826CBFA2CCC0}"
EndProject
Project("{2150E333-8FDC-42A3-9474-1A3956D46DE8}") = "Basket", "Basket", "{A1462760-50E2-4EA6-B559-5B3FE24350AA}"
EndProject
Project("{FAE04EC0-301F-11D3-BF4B-00C04F79EFBC}") = "Basket.API", "Services\Basket\Basket.API\Basket.API.csproj", "{EA41FDB0-EA5A-40DD-8351-1D2604AC79EE}"
EndProject
Global
	GlobalSection(SolutionConfigurationPlatforms) = preSolution
		Debug|Any CPU = Debug|Any CPU
		Release|Any CPU = Release|Any CPU
	EndGlobalSection
	GlobalSection(ProjectConfigurationPlatforms) = postSolution
		{D52DCE5A-A034-42BB-A950-E33C8EF5F0FC}.Debug|Any CPU.ActiveCfg = Debug|Any CPU
		{D52DCE5A-A034-42BB-A950-E33C8EF5F0FC}.Debug|Any CPU.Build.0 = Debug|Any CPU
		{D52DCE5A-A034-42BB-A950-E33C8EF5F0FC}.Release|Any CPU.ActiveCfg = Release|Any CPU
		{D52DCE5A-A034-42BB-A950-E33C8EF5F0FC}.Release|Any CPU.Build.0 = Release|Any CPU
		{8988F27F-BE9B-465C-9D67-157D4CEAA73F}.Debug|Any CPU.ActiveCfg = Debug|Any CPU
		{8988F27F-BE9B-465C-9D67-157D4CEAA73F}.Debug|Any CPU.Build.0 = Debug|Any CPU
		{8988F27F-BE9B-465C-9D67-157D4CEAA73F}.Release|Any CPU.ActiveCfg = Release|Any CPU
		{8988F27F-BE9B-465C-9D67-157D4CEAA73F}.Release|Any CPU.Build.0 = Release|Any CPU
		{27982EC3-5D7A-43CD-836D-D05F4A7712B3}.Debug|Any CPU.ActiveCfg = Debug|Any CPU
		{27982EC3-5D7A-43CD-836D-D05F4A7712B3}.Debug|Any CPU.Build.0 = Debug|Any CPU
		{27982EC3-5D7A-43CD-836D-D05F4A7712B3}.Release|Any CPU.ActiveCfg = Release|Any CPU
		{27982EC3-5D7A-43CD-836D-D05F4A7712B3}.Release|Any CPU.Build.0 = Release|Any CPU
		{EA41FDB0-EA5A-40DD-8351-1D2604AC79EE}.Debug|Any CPU.ActiveCfg = Debug|Any CPU
		{EA41FDB0-EA5A-40DD-8351-1D2604AC79EE}.Debug|Any CPU.Build.0 = Debug|Any CPU
		{EA41FDB0-EA5A-40DD-8351-1D2604AC79EE}.Release|Any CPU.ActiveCfg = Release|Any CPU
		{EA41FDB0-EA5A-40DD-8351-1D2604AC79EE}.Release|Any CPU.Build.0 = Release|Any CPU
	EndGlobalSection
	GlobalSection(SolutionProperties) = preSolution
		HideSolutionNode = FALSE
	EndGlobalSection
	GlobalSection(NestedProjects) = preSolution
		{D52DCE5A-A034-42BB-A950-E33C8EF5F0FC} = {44631FE1-667A-4B53-ACBA-826CBFA2CCC0}
		{27982EC3-5D7A-43CD-836D-D05F4A7712B3} = {B5AE838E-65A1-4453-BD6E-8A6AC4FDC320}
		{44631FE1-667A-4B53-ACBA-826CBFA2CCC0} = {91045AFE-4020-4A20-B0C2-34F374A22625}
		{A1462760-50E2-4EA6-B559-5B3FE24350AA} = {91045AFE-4020-4A20-B0C2-34F374A22625}
		{EA41FDB0-EA5A-40DD-8351-1D2604AC79EE} = {A1462760-50E2-4EA6-B559-5B3FE24350AA}
	EndGlobalSection
	GlobalSection(ExtensibilityGlobals) = postSolution
		SolutionGuid = {E28B44E4-FD83-4E88-AA15-9CC1EAD109A5}
	EndGlobalSection
EndGlobal
